{
  "lockfile-version": 1,
  "manifest": {
    "version": 1,
    "install": {
      "python312": {
        "pkg-path": "python312"
      },
      "uv": {
        "pkg-path": "uv"
      }
    },
    "hook": {},
    "profile": {},
    "options": {
      "systems": [
        "aarch64-darwin",
        "aarch64-linux",
        "x86_64-darwin",
        "x86_64-linux"
      ],
      "allow": {
        "licenses": []
      },
      "semver": {}
    }
  },
  "packages": [
    {
      "attr_path": "python312",
      "broken": false,
      "derivation": "/nix/store/bdsil73qdi3anlff462vyflfyz9hl3ny-python3-3.12.9.drv",
      "description": "High-level dynamically-typed programming language",
      "install_id": "python312",
      "license": "Python-2.0",
      "locked_url": "https://github.com/flox/nixpkgs?rev=c8cd81426f45942bb2906d5ed2fe21d2f19d95b7",
      "name": "python3-3.12.9",
      "pname": "python312",
      "rev": "c8cd81426f45942bb2906d5ed2fe21d2f19d95b7",
      "rev_count": 780821,
      "rev_date": "2025-04-08T07:41:42Z",
      "scrape_date": "2025-04-10T01:11:04.043141Z",
      "stabilities": [
        "staging",
        "unstable"
      ],
      "unfree": false,
      "version": "python3-3.12.9",
      "outputs_to_install": [
        "out"
      ],
      "outputs": {
        "out": "/nix/store/3p3agnh4792y8bgjp0s8xx5bym1ahpks-python3-3.12.9"
      },
      "system": "aarch64-darwin",
      "group": "toplevel",
      "priority": 5
    },
    {
      "attr_path": "python312",
      "broken": false,
      "derivation": "/nix/store/bqiirv87dk88ipl1g0wn49a501dgyarn-python3-3.12.9.drv",
      "description": "High-level dynamically-typed programming language",
      "install_id": "python312",
      "license": "Python-2.0",
      "locked_url": "https://github.com/flox/nixpkgs?rev=c8cd81426f45942bb2906d5ed2fe21d2f19d95b7",
      "name": "python3-3.12.9",
      "pname": "python312",
      "rev": "c8cd81426f45942bb2906d5ed2fe21d2f19d95b7",
      "rev_count": 780821,
      "rev_date": "2025-04-08T07:41:42Z",
      "scrape_date": "2025-04-10T01:27:59.029715Z",
      "stabilities": [
        "staging",
        "unstable"
      ],
      "unfree": false,
      "version": "python3-3.12.9",
      "outputs_to_install": [
        "out"
      ],
      "outputs": {
        "debug": "/nix/store/p2ym34g9y2w9k3w2pgbj2akn7b5l6xlh-python3-3.12.9-debug",
        "out": "/nix/store/cxhrrsf7spcgdkrxmlbfzc1bh46rzf7w-python3-3.12.9"
      },
      "system": "aarch64-linux",
      "group": "toplevel",
      "priority": 5
    },
    {
      "attr_path": "python312",
      "broken": false,
      "derivation": "/nix/store/k4a6ydp4ij2vzpk6zfgffx5yy9d58253-python3-3.12.9.drv",
      "description": "High-level dynamically-typed programming language",
      "install_id": "python312",
      "license": "Python-2.0",
      "locked_url": "https://github.com/flox/nixpkgs?rev=c8cd81426f45942bb2906d5ed2fe21d2f19d95b7",
      "name": "python3-3.12.9",
      "pname": "python312",
      "rev": "c8cd81426f45942bb2906d5ed2fe21d2f19d95b7",
      "rev_count": 780821,
      "rev_date": "2025-04-08T07:41:42Z",
      "scrape_date": "2025-04-10T01:43:13.238239Z",
      "stabilities": [
        "staging",
        "unstable"
      ],
      "unfree": false,
      "version": "python3-3.12.9",
      "outputs_to_install": [
        "out"
      ],
      "outputs": {
        "out": "/nix/store/8fw6a4is5mkpmr9vd80inz63qdi130m3-python3-3.12.9"
      },
      "system": "x86_64-darwin",
      "group": "toplevel",
      "priority": 5
    },
    {
      "attr_path": "python312",
      "broken": false,
      "derivation": "/nix/store/xw08jjh95zyqrmanqwkdcyd97rg4wsxp-python3-3.12.9.drv",
      "description": "High-level dynamically-typed programming language",
      "install_id": "python312",
      "license": "Python-2.0",
      "locked_url": "https://github.com/flox/nixpkgs?rev=c8cd81426f45942bb2906d5ed2fe21d2f19d95b7",
      "name": "python3-3.12.9",
      "pname": "python312",
      "rev": "c8cd81426f45942bb2906d5ed2fe21d2f19d95b7",
      "rev_count": 780821,
      "rev_date": "2025-04-08T07:41:42Z",
      "scrape_date": "2025-04-10T02:01:40.892753Z",
      "stabilities": [
        "staging",
        "unstable"
      ],
      "unfree": false,
      "version": "python3-3.12.9",
      "outputs_to_install": [
        "out"
      ],
      "outputs": {
        "debug": "/nix/store/1kjknndig10774mkf6b2b95kn17q4rm5-python3-3.12.9-debug",
        "out": "/nix/store/f2krmq3iv5nibcvn4rw7nrnrciqprdkh-python3-3.12.9"
      },
      "system": "x86_64-linux",
      "group": "toplevel",
      "priority": 5
    },
    {
      "attr_path": "uv",
      "broken": false,
      "derivation": "/nix/store/5l4rlnyn4g3l8fykbif3c3ghkgbpzari-uv-0.6.12.drv",
      "description": "Extremely fast Python package installer and resolver, written in Rust",
      "install_id": "uv",
      "license": "[ Apache-2.0, MIT ]",
      "locked_url": "https://github.com/flox/nixpkgs?rev=c8cd81426f45942bb2906d5ed2fe21d2f19d95b7",
      "name": "uv-0.6.12",
      "pname": "uv",
      "rev": "c8cd81426f45942bb2906d5ed2fe21d2f19d95b7",
      "rev_count": 780821,
      "rev_date": "2025-04-08T07:41:42Z",
      "scrape_date": "2025-04-10T01:11:44.987063Z",
      "stabilities": [
        "staging",
        "unstable"
      ],
      "unfree": false,
      "version": "0.6.12",
      "outputs_to_install": [
        "out"
      ],
      "outputs": {
        "out": "/nix/store/v6x22x2jd2m44g4sixpai9r19afacap2-uv-0.6.12"
      },
      "system": "aarch64-darwin",
      "group": "toplevel",
      "priority": 5
    },
    {
      "attr_path": "uv",
      "broken": false,
      "derivation": "/nix/store/jdzi9q9hbwgqsjkmgsra38ja4x5q5amw-uv-0.6.12.drv",
      "description": "Extremely fast Python package installer and resolver, written in Rust",
      "install_id": "uv",
      "license": "[ Apache-2.0, MIT ]",
      "locked_url": "https://github.com/flox/nixpkgs?rev=c8cd81426f45942bb2906d5ed2fe21d2f19d95b7",
      "name": "uv-0.6.12",
      "pname": "uv",
      "rev": "c8cd81426f45942bb2906d5ed2fe21d2f19d95b7",
      "rev_count": 780821,
      "rev_date": "2025-04-08T07:41:42Z",
      "scrape_date": "2025-04-10T01:28:57.932781Z",
      "stabilities": [
        "staging",
        "unstable"
      ],
      "unfree": false,
      "version": "0.6.12",
      "outputs_to_install": [
        "out"
      ],
      "outputs": {
        "out": "/nix/store/dxc41c6kplaxgshwjjq0g0bmgb15zmq8-uv-0.6.12"
      },
      "system": "aarch64-linux",
      "group": "toplevel",
      "priority": 5
    },
    {
      "attr_path": "uv",
      "broken": false,
      "derivation": "/nix/store/sjqky3xgid3kvl57i8lavx9d3z252wxx-uv-0.6.12.drv",
      "description": "Extremely fast Python package installer and resolver, written in Rust",
      "install_id": "uv",
      "license": "[ Apache-2.0, MIT ]",
      "locked_url": "https://github.com/flox/nixpkgs?rev=c8cd81426f45942bb2906d5ed2fe21d2f19d95b7",
      "name": "uv-0.6.12",
      "pname": "uv",
      "rev": "c8cd81426f45942bb2906d5ed2fe21d2f19d95b7",
      "rev_count": 780821,
      "rev_date": "2025-04-08T07:41:42Z",
      "scrape_date": "2025-04-10T01:43:54.280618Z",
      "stabilities": [
        "staging",
        "unstable"
      ],
      "unfree": false,
      "version": "0.6.12",
      "outputs_to_install": [
        "out"
      ],
      "outputs": {
        "out": "/nix/store/ygmsasxljbrh76gsgpvkn2vcq3yxp8yq-uv-0.6.12"
      },
      "system": "x86_64-darwin",
      "group": "toplevel",
      "priority": 5
    },
    {
      "attr_path": "uv",
      "broken": false,
      "derivation": "/nix/store/qbby6s0jxhgrmyjmm8wh8anzgxg3fn3j-uv-0.6.12.drv",
      "description": "Extremely fast Python package installer and resolver, written in Rust",
      "install_id": "uv",
      "license": "[ Apache-2.0, MIT ]",
      "locked_url": "https://github.com/flox/nixpkgs?rev=c8cd81426f45942bb2906d5ed2fe21d2f19d95b7",
      "name": "uv-0.6.12",
      "pname": "uv",
      "rev": "c8cd81426f45942bb2906d5ed2fe21d2f19d95b7",
      "rev_count": 780821,
      "rev_date": "2025-04-08T07:41:42Z",
      "scrape_date": "2025-04-10T02:02:43.334041Z",
      "stabilities": [
        "staging",
        "unstable"
      ],
      "unfree": false,
      "version": "0.6.12",
      "outputs_to_install": [
        "out"
      ],
      "outputs": {
        "out": "/nix/store/6grrzagqydsbz7kxwdwsw98a6bcrp67k-uv-0.6.12"
      },
      "system": "x86_64-linux",
      "group": "toplevel",
      "priority": 5
    }
  ]
}